// !$*UTF8*$!
{
	archiveVersion = 1;
	classes = {
	};
	objectVersion = 46;
	objects = {

/* Begin PBXBuildFile section */
		244E711120151DFF007E7071 /* Contact.swift in Sources */ = {isa = PBXBuildFile; fileRef = 244E711020151DFF007E7071 /* Contact.swift */; };
		244E7113201522F0007E7071 /* title.png in Resources */ = {isa = PBXBuildFile; fileRef = 244E7112201522F0007E7071 /* title.png */; };
		244E71152016755B007E7071 /* Clabane.swift in Sources */ = {isa = PBXBuildFile; fileRef = 244E71142016755B007E7071 /* Clabane.swift */; };
		951BDBF71EF7010D00EC0E39 /* SegueFromRight.swift in Sources */ = {isa = PBXBuildFile; fileRef = 951BDBF61EF7010D00EC0E39 /* SegueFromRight.swift */; };
		95B914941EF1D354004E0303 /* SegueFromLeft.swift in Sources */ = {isa = PBXBuildFile; fileRef = 95B914931EF1D354004E0303 /* SegueFromLeft.swift */; };
		95F37CB71EEB359E00F46F38 /* EventDetailViewController.swift in Sources */ = {isa = PBXBuildFile; fileRef = 95F37CB61EEB359E00F46F38 /* EventDetailViewController.swift */; };
		95F37CBB1EEC6F7700F46F38 /* Dostupnost.swift in Sources */ = {isa = PBXBuildFile; fileRef = 95F37CBA1EEC6F7700F46F38 /* Dostupnost.swift */; };
		95F555B01EE8821700B31104 /* AppDelegate.swift in Sources */ = {isa = PBXBuildFile; fileRef = 95F555AF1EE8821700B31104 /* AppDelegate.swift */; };
		95F555B21EE8821700B31104 /* Clubs.swift in Sources */ = {isa = PBXBuildFile; fileRef = 95F555B11EE8821700B31104 /* Clubs.swift */; };
		95F555B51EE8821700B31104 /* Main.storyboard in Resources */ = {isa = PBXBuildFile; fileRef = 95F555B31EE8821700B31104 /* Main.storyboard */; };
		95F555B81EE8821700B31104 /* claber2.xcdatamodeld in Sources */ = {isa = PBXBuildFile; fileRef = 95F555B61EE8821700B31104 /* claber2.xcdatamodeld */; };
		95F555BA1EE8821700B31104 /* Assets.xcassets in Resources */ = {isa = PBXBuildFile; fileRef = 95F555B91EE8821700B31104 /* Assets.xcassets */; };
		95F555BD1EE8821700B31104 /* LaunchScreen.storyboard in Resources */ = {isa = PBXBuildFile; fileRef = 95F555BB1EE8821700B31104 /* LaunchScreen.storyboard */; };
		95F555C81EE8821700B31104 /* claber2Tests.swift in Sources */ = {isa = PBXBuildFile; fileRef = 95F555C71EE8821700B31104 /* claber2Tests.swift */; };
		95F555D31EE8821700B31104 /* claber2UITests.swift in Sources */ = {isa = PBXBuildFile; fileRef = 95F555D21EE8821700B31104 /* claber2UITests.swift */; };
		95F555E11EE9C81900B31104 /* MasterCell.swift in Sources */ = {isa = PBXBuildFile; fileRef = 95F555E01EE9C81900B31104 /* MasterCell.swift */; };
		95F555E51EE9D31400B31104 /* Podaci.swift in Sources */ = {isa = PBXBuildFile; fileRef = 95F555E41EE9D31400B31104 /* Podaci.swift */; };
/* End PBXBuildFile section */

/* Begin PBXContainerItemProxy section */
		95F555C41EE8821700B31104 /* PBXContainerItemProxy */ = {
			isa = PBXContainerItemProxy;
			containerPortal = 95F555A41EE8821700B31104 /* Project object */;
			proxyType = 1;
			remoteGlobalIDString = 95F555AB1EE8821700B31104;
			remoteInfo = claber2;
		};
		95F555CF1EE8821700B31104 /* PBXContainerItemProxy */ = {
			isa = PBXContainerItemProxy;
			containerPortal = 95F555A41EE8821700B31104 /* Project object */;
			proxyType = 1;
			remoteGlobalIDString = 95F555AB1EE8821700B31104;
			remoteInfo = claber2;
		};
/* End PBXContainerItemProxy section */

/* Begin PBXFileReference section */
		244E711020151DFF007E7071 /* Contact.swift */ = {isa = PBXFileReference; lastKnownFileType = sourcecode.swift; path = Contact.swift; sourceTree = "<group>"; };
		244E7112201522F0007E7071 /* title.png */ = {isa = PBXFileReference; lastKnownFileType = image.png; path = title.png; sourceTree = "<group>"; };
		244E71142016755B007E7071 /* Clabane.swift */ = {isa = PBXFileReference; lastKnownFileType = sourcecode.swift; path = Clabane.swift; sourceTree = "<group>"; };
		951BDBF61EF7010D00EC0E39 /* SegueFromRight.swift */ = {isa = PBXFileReference; fileEncoding = 4; lastKnownFileType = sourcecode.swift; path = SegueFromRight.swift; sourceTree = "<group>"; };
		95B914931EF1D354004E0303 /* SegueFromLeft.swift */ = {isa = PBXFileReference; fileEncoding = 4; lastKnownFileType = sourcecode.swift; path = SegueFromLeft.swift; sourceTree = "<group>"; };
		95F37CB61EEB359E00F46F38 /* EventDetailViewController.swift */ = {isa = PBXFileReference; fileEncoding = 4; lastKnownFileType = sourcecode.swift; path = EventDetailViewController.swift; sourceTree = "<group>"; };
		95F37CBA1EEC6F7700F46F38 /* Dostupnost.swift */ = {isa = PBXFileReference; fileEncoding = 4; lastKnownFileType = sourcecode.swift; lineEnding = 0; path = Dostupnost.swift; sourceTree = "<group>"; xcLanguageSpecificationIdentifier = xcode.lang.swift; };
		95F555AC1EE8821700B31104 /* claber.app */ = {isa = PBXFileReference; explicitFileType = wrapper.application; includeInIndex = 0; path = claber.app; sourceTree = BUILT_PRODUCTS_DIR; };
		95F555AF1EE8821700B31104 /* AppDelegate.swift */ = {isa = PBXFileReference; lastKnownFileType = sourcecode.swift; path = AppDelegate.swift; sourceTree = "<group>"; };
		95F555B11EE8821700B31104 /* Clubs.swift */ = {isa = PBXFileReference; lastKnownFileType = sourcecode.swift; path = Clubs.swift; sourceTree = "<group>"; };
		95F555B41EE8821700B31104 /* Base */ = {isa = PBXFileReference; lastKnownFileType = file.storyboard; name = Base; path = Base.lproj/Main.storyboard; sourceTree = "<group>"; };
		95F555B71EE8821700B31104 /* claber2.xcdatamodel */ = {isa = PBXFileReference; lastKnownFileType = wrapper.xcdatamodel; path = claber2.xcdatamodel; sourceTree = "<group>"; };
		95F555B91EE8821700B31104 /* Assets.xcassets */ = {isa = PBXFileReference; lastKnownFileType = folder.assetcatalog; path = Assets.xcassets; sourceTree = "<group>"; };
		95F555BC1EE8821700B31104 /* Base */ = {isa = PBXFileReference; lastKnownFileType = file.storyboard; name = Base; path = Base.lproj/LaunchScreen.storyboard; sourceTree = "<group>"; };
		95F555BE1EE8821700B31104 /* Info.plist */ = {isa = PBXFileReference; lastKnownFileType = text.plist.xml; path = Info.plist; sourceTree = "<group>"; };
		95F555C31EE8821700B31104 /* claberTests.xctest */ = {isa = PBXFileReference; explicitFileType = wrapper.cfbundle; includeInIndex = 0; path = claberTests.xctest; sourceTree = BUILT_PRODUCTS_DIR; };
		95F555C71EE8821700B31104 /* claber2Tests.swift */ = {isa = PBXFileReference; lastKnownFileType = sourcecode.swift; path = claber2Tests.swift; sourceTree = "<group>"; };
		95F555C91EE8821700B31104 /* Info.plist */ = {isa = PBXFileReference; lastKnownFileType = text.plist.xml; path = Info.plist; sourceTree = "<group>"; };
		95F555CE1EE8821700B31104 /* claberUITests.xctest */ = {isa = PBXFileReference; explicitFileType = wrapper.cfbundle; includeInIndex = 0; path = claberUITests.xctest; sourceTree = BUILT_PRODUCTS_DIR; };
		95F555D21EE8821700B31104 /* claber2UITests.swift */ = {isa = PBXFileReference; lastKnownFileType = sourcecode.swift; path = claber2UITests.swift; sourceTree = "<group>"; };
		95F555D41EE8821700B31104 /* Info.plist */ = {isa = PBXFileReference; lastKnownFileType = text.plist.xml; path = Info.plist; sourceTree = "<group>"; };
		95F555E01EE9C81900B31104 /* MasterCell.swift */ = {isa = PBXFileReference; fileEncoding = 4; lastKnownFileType = sourcecode.swift; path = MasterCell.swift; sourceTree = "<group>"; };
		95F555E41EE9D31400B31104 /* Podaci.swift */ = {isa = PBXFileReference; fileEncoding = 4; lastKnownFileType = sourcecode.swift; path = Podaci.swift; sourceTree = "<group>"; };
/* End PBXFileReference section */

/* Begin PBXFrameworksBuildPhase section */
		95F555A91EE8821700B31104 /* Frameworks */ = {
			isa = PBXFrameworksBuildPhase;
			buildActionMask = 2147483647;
			files = (
			);
			runOnlyForDeploymentPostprocessing = 0;
		};
		95F555C01EE8821700B31104 /* Frameworks */ = {
			isa = PBXFrameworksBuildPhase;
			buildActionMask = 2147483647;
			files = (
			);
			runOnlyForDeploymentPostprocessing = 0;
		};
		95F555CB1EE8821700B31104 /* Frameworks */ = {
			isa = PBXFrameworksBuildPhase;
			buildActionMask = 2147483647;
			files = (
			);
			runOnlyForDeploymentPostprocessing = 0;
		};
/* End PBXFrameworksBuildPhase section */

/* Begin PBXGroup section */
		95B914951EF1D609004E0303 /* FunkcionalnostiApplikacije */ = {
			isa = PBXGroup;
			children = (
				95B914931EF1D354004E0303 /* SegueFromLeft.swift */,
				951BDBF61EF7010D00EC0E39 /* SegueFromRight.swift */,
				95F37CBA1EEC6F7700F46F38 /* Dostupnost.swift */,
			);
			name = FunkcionalnostiApplikacije;
			sourceTree = "<group>";
		};
		95B914961EF1D628004E0303 /* Kontroleri */ = {
			isa = PBXGroup;
			children = (
				95F555B11EE8821700B31104 /* Clubs.swift */,
				244E71142016755B007E7071 /* Clabane.swift */,
				95F37CB61EEB359E00F46F38 /* EventDetailViewController.swift */,
				244E711020151DFF007E7071 /* Contact.swift */,
			);
			name = Kontroleri;
			sourceTree = "<group>";
		};
		95B914971EF1D648004E0303 /* Data */ = {
			isa = PBXGroup;
			children = (
				95F555E01EE9C81900B31104 /* MasterCell.swift */,
				95F555E41EE9D31400B31104 /* Podaci.swift */,
			);
			name = Data;
			sourceTree = "<group>";
		};
		95F555A31EE8821700B31104 = {
			isa = PBXGroup;
			children = (
				95F555AE1EE8821700B31104 /* claber2 */,
				95F555C61EE8821700B31104 /* claber2Tests */,
				95F555D11EE8821700B31104 /* claber2UITests */,
			);
			sourceTree = "<group>";
		};
		95F555AD1EE8821700B31104 /* Products */ = {
			isa = PBXGroup;
			children = (
				95F555AC1EE8821700B31104 /* claber.app */,
				95F555C31EE8821700B31104 /* claberTests.xctest */,
				95F555CE1EE8821700B31104 /* claberUITests.xctest */,
			);
			name = Products;
			path = ..;
			sourceTree = "<group>";
		};
		95F555AE1EE8821700B31104 /* claber2 */ = {
			isa = PBXGroup;
			children = (
				95F555AF1EE8821700B31104 /* AppDelegate.swift */,
				95B914961EF1D628004E0303 /* Kontroleri */,
				95B914971EF1D648004E0303 /* Data */,
				95B914951EF1D609004E0303 /* FunkcionalnostiApplikacije */,
				95F555B31EE8821700B31104 /* Main.storyboard */,
				95F555B91EE8821700B31104 /* Assets.xcassets */,
				95F555BB1EE8821700B31104 /* LaunchScreen.storyboard */,
				95F555BE1EE8821700B31104 /* Info.plist */,
				95F555B61EE8821700B31104 /* claber2.xcdatamodeld */,
			);
			path = claber2;
			sourceTree = "<group>";
		};
		95F555C61EE8821700B31104 /* claber2Tests */ = {
			isa = PBXGroup;
			children = (
				95F555C71EE8821700B31104 /* claber2Tests.swift */,
				95F555C91EE8821700B31104 /* Info.plist */,
			);
			path = claber2Tests;
			sourceTree = "<group>";
		};
		95F555D11EE8821700B31104 /* claber2UITests */ = {
			isa = PBXGroup;
			children = (
				244E7112201522F0007E7071 /* title.png */,
				95F555AD1EE8821700B31104 /* Products */,
				95F555D21EE8821700B31104 /* claber2UITests.swift */,
				95F555D41EE8821700B31104 /* Info.plist */,
			);
			path = claber2UITests;
			sourceTree = "<group>";
		};
/* End PBXGroup section */

/* Begin PBXNativeTarget section */
		95F555AB1EE8821700B31104 /* claber */ = {
			isa = PBXNativeTarget;
			buildConfigurationList = 95F555D71EE8821700B31104 /* Build configuration list for PBXNativeTarget "claber" */;
			buildPhases = (
				95F555A81EE8821700B31104 /* Sources */,
				95F555A91EE8821700B31104 /* Frameworks */,
				95F555AA1EE8821700B31104 /* Resources */,
			);
			buildRules = (
			);
			dependencies = (
			);
			name = claber;
			productName = claber2;
			productReference = 95F555AC1EE8821700B31104 /* claber.app */;
			productType = "com.apple.product-type.application";
		};
		95F555C21EE8821700B31104 /* claberTests */ = {
			isa = PBXNativeTarget;
			buildConfigurationList = 95F555DA1EE8821700B31104 /* Build configuration list for PBXNativeTarget "claberTests" */;
			buildPhases = (
				95F555BF1EE8821700B31104 /* Sources */,
				95F555C01EE8821700B31104 /* Frameworks */,
				95F555C11EE8821700B31104 /* Resources */,
			);
			buildRules = (
			);
			dependencies = (
				95F555C51EE8821700B31104 /* PBXTargetDependency */,
			);
			name = claberTests;
			productName = claber2Tests;
			productReference = 95F555C31EE8821700B31104 /* claberTests.xctest */;
			productType = "com.apple.product-type.bundle.unit-test";
		};
		95F555CD1EE8821700B31104 /* claberUITests */ = {
			isa = PBXNativeTarget;
			buildConfigurationList = 95F555DD1EE8821700B31104 /* Build configuration list for PBXNativeTarget "claberUITests" */;
			buildPhases = (
				95F555CA1EE8821700B31104 /* Sources */,
				95F555CB1EE8821700B31104 /* Frameworks */,
				95F555CC1EE8821700B31104 /* Resources */,
			);
			buildRules = (
			);
			dependencies = (
				95F555D01EE8821700B31104 /* PBXTargetDependency */,
			);
			name = claberUITests;
			productName = claber2UITests;
			productReference = 95F555CE1EE8821700B31104 /* claberUITests.xctest */;
			productType = "com.apple.product-type.bundle.ui-testing";
		};
/* End PBXNativeTarget section */

/* Begin PBXProject section */
		95F555A41EE8821700B31104 /* Project object */ = {
			isa = PBXProject;
			attributes = {
				LastSwiftUpdateCheck = 0830;
				LastUpgradeCheck = 0900;
				ORGANIZATIONNAME = "Ognjen Tomić";
				TargetAttributes = {
					95F555AB1EE8821700B31104 = {
						CreatedOnToolsVersion = 8.3.2;
						DevelopmentTeam = W5X27WM5D4;
						LastSwiftMigration = 0900;
						ProvisioningStyle = Automatic;
					};
					95F555C21EE8821700B31104 = {
						CreatedOnToolsVersion = 8.3.2;
						DevelopmentTeam = W5X27WM5D4;
						LastSwiftMigration = 0900;
						ProvisioningStyle = Automatic;
						TestTargetID = 95F555AB1EE8821700B31104;
					};
					95F555CD1EE8821700B31104 = {
						CreatedOnToolsVersion = 8.3.2;
						DevelopmentTeam = W5X27WM5D4;
						LastSwiftMigration = 0900;
						ProvisioningStyle = Automatic;
						TestTargetID = 95F555AB1EE8821700B31104;
					};
				};
			};
			buildConfigurationList = 95F555A71EE8821700B31104 /* Build configuration list for PBXProject "Klaber" */;
			compatibilityVersion = "Xcode 3.2";
			developmentRegion = English;
			hasScannedForEncodings = 0;
			knownRegions = (
				en,
				Base,
			);
			mainGroup = 95F555A31EE8821700B31104;
			productRefGroup = 95F555AD1EE8821700B31104 /* Products */;
			projectDirPath = "";
			projectRoot = "";
			targets = (
				95F555AB1EE8821700B31104 /* claber */,
				95F555C21EE8821700B31104 /* claberTests */,
				95F555CD1EE8821700B31104 /* claberUITests */,
			);
		};
/* End PBXProject section */

/* Begin PBXResourcesBuildPhase section */
		95F555AA1EE8821700B31104 /* Resources */ = {
			isa = PBXResourcesBuildPhase;
			buildActionMask = 2147483647;
			files = (
				95F555BD1EE8821700B31104 /* LaunchScreen.storyboard in Resources */,
				95F555BA1EE8821700B31104 /* Assets.xcassets in Resources */,
				244E7113201522F0007E7071 /* title.png in Resources */,
				95F555B51EE8821700B31104 /* Main.storyboard in Resources */,
			);
			runOnlyForDeploymentPostprocessing = 0;
		};
		95F555C11EE8821700B31104 /* Resources */ = {
			isa = PBXResourcesBuildPhase;
			buildActionMask = 2147483647;
			files = (
			);
			runOnlyForDeploymentPostprocessing = 0;
		};
		95F555CC1EE8821700B31104 /* Resources */ = {
			isa = PBXResourcesBuildPhase;
			buildActionMask = 2147483647;
			files = (
			);
			runOnlyForDeploymentPostprocessing = 0;
		};
/* End PBXResourcesBuildPhase section */

/* Begin PBXSourcesBuildPhase section */
		95F555A81EE8821700B31104 /* Sources */ = {
			isa = PBXSourcesBuildPhase;
			buildActionMask = 2147483647;
			files = (
				95F37CBB1EEC6F7700F46F38 /* Dostupnost.swift in Sources */,
				95F37CB71EEB359E00F46F38 /* EventDetailViewController.swift in Sources */,
				244E711120151DFF007E7071 /* Contact.swift in Sources */,
				95F555B81EE8821700B31104 /* claber2.xcdatamodeld in Sources */,
				95F555E51EE9D31400B31104 /* Podaci.swift in Sources */,
				244E71152016755B007E7071 /* Clabane.swift in Sources */,
				95F555B21EE8821700B31104 /* Clubs.swift in Sources */,
				95F555B01EE8821700B31104 /* AppDelegate.swift in Sources */,
				95B914941EF1D354004E0303 /* SegueFromLeft.swift in Sources */,
				95F555E11EE9C81900B31104 /* MasterCell.swift in Sources */,
				951BDBF71EF7010D00EC0E39 /* SegueFromRight.swift in Sources */,
			);
			runOnlyForDeploymentPostprocessing = 0;
		};
		95F555BF1EE8821700B31104 /* Sources */ = {
			isa = PBXSourcesBuildPhase;
			buildActionMask = 2147483647;
			files = (
				95F555C81EE8821700B31104 /* claber2Tests.swift in Sources */,
			);
			runOnlyForDeploymentPostprocessing = 0;
		};
		95F555CA1EE8821700B31104 /* Sources */ = {
			isa = PBXSourcesBuildPhase;
			buildActionMask = 2147483647;
			files = (
				95F555D31EE8821700B31104 /* claber2UITests.swift in Sources */,
			);
			runOnlyForDeploymentPostprocessing = 0;
		};
/* End PBXSourcesBuildPhase section */

/* Begin PBXTargetDependency section */
		95F555C51EE8821700B31104 /* PBXTargetDependency */ = {
			isa = PBXTargetDependency;
			target = 95F555AB1EE8821700B31104 /* claber */;
			targetProxy = 95F555C41EE8821700B31104 /* PBXContainerItemProxy */;
		};
		95F555D01EE8821700B31104 /* PBXTargetDependency */ = {
			isa = PBXTargetDependency;
			target = 95F555AB1EE8821700B31104 /* claber */;
			targetProxy = 95F555CF1EE8821700B31104 /* PBXContainerItemProxy */;
		};
/* End PBXTargetDependency section */

/* Begin PBXVariantGroup section */
		95F555B31EE8821700B31104 /* Main.storyboard */ = {
			isa = PBXVariantGroup;
			children = (
				95F555B41EE8821700B31104 /* Base */,
			);
			name = Main.storyboard;
			sourceTree = "<group>";
		};
		95F555BB1EE8821700B31104 /* LaunchScreen.storyboard */ = {
			isa = PBXVariantGroup;
			children = (
				95F555BC1EE8821700B31104 /* Base */,
			);
			name = LaunchScreen.storyboard;
			sourceTree = "<group>";
		};
/* End PBXVariantGroup section */

/* Begin XCBuildConfiguration section */
		95F555D51EE8821700B31104 /* Debug */ = {
			isa = XCBuildConfiguration;
			buildSettings = {
				ALWAYS_SEARCH_USER_PATHS = NO;
				CLANG_ANALYZER_NONNULL = YES;
				CLANG_ANALYZER_NUMBER_OBJECT_CONVERSION = YES_AGGRESSIVE;
				CLANG_CXX_LANGUAGE_STANDARD = "gnu++0x";
				CLANG_CXX_LIBRARY = "libc++";
				CLANG_ENABLE_MODULES = YES;
				CLANG_ENABLE_OBJC_ARC = YES;
				CLANG_WARN_BLOCK_CAPTURE_AUTORELEASING = YES;
				CLANG_WARN_BOOL_CONVERSION = YES;
				CLANG_WARN_COMMA = YES;
				CLANG_WARN_CONSTANT_CONVERSION = YES;
				CLANG_WARN_DIRECT_OBJC_ISA_USAGE = YES_ERROR;
				CLANG_WARN_DOCUMENTATION_COMMENTS = YES;
				CLANG_WARN_EMPTY_BODY = YES;
				CLANG_WARN_ENUM_CONVERSION = YES;
				CLANG_WARN_INFINITE_RECURSION = YES;
				CLANG_WARN_INT_CONVERSION = YES;
				CLANG_WARN_NON_LITERAL_NULL_CONVERSION = YES;
				CLANG_WARN_OBJC_LITERAL_CONVERSION = YES;
				CLANG_WARN_OBJC_ROOT_CLASS = YES_ERROR;
				CLANG_WARN_RANGE_LOOP_ANALYSIS = YES;
				CLANG_WARN_STRICT_PROTOTYPES = YES;
				CLANG_WARN_SUSPICIOUS_MOVE = YES;
				CLANG_WARN_UNREACHABLE_CODE = YES;
				CLANG_WARN__DUPLICATE_METHOD_MATCH = YES;
				"CODE_SIGN_IDENTITY[sdk=iphoneos*]" = "iPhone Developer";
				COPY_PHASE_STRIP = NO;
				DEBUG_INFORMATION_FORMAT = dwarf;
				ENABLE_STRICT_OBJC_MSGSEND = YES;
				ENABLE_TESTABILITY = YES;
				GCC_C_LANGUAGE_STANDARD = gnu99;
				GCC_DYNAMIC_NO_PIC = NO;
				GCC_NO_COMMON_BLOCKS = YES;
				GCC_OPTIMIZATION_LEVEL = 0;
				GCC_PREPROCESSOR_DEFINITIONS = (
					"DEBUG=1",
					"$(inherited)",
				);
				GCC_WARN_64_TO_32_BIT_CONVERSION = YES;
				GCC_WARN_ABOUT_RETURN_TYPE = YES_ERROR;
				GCC_WARN_UNDECLARED_SELECTOR = YES;
				GCC_WARN_UNINITIALIZED_AUTOS = YES_AGGRESSIVE;
				GCC_WARN_UNUSED_FUNCTION = YES;
				GCC_WARN_UNUSED_VARIABLE = YES;
				IPHONEOS_DEPLOYMENT_TARGET = 11.0;
				MTL_ENABLE_DEBUG_INFO = YES;
				ONLY_ACTIVE_ARCH = YES;
				SDKROOT = iphoneos;
				SWIFT_ACTIVE_COMPILATION_CONDITIONS = DEBUG;
				SWIFT_OPTIMIZATION_LEVEL = "-Onone";
				TARGETED_DEVICE_FAMILY = "1,2";
			};
			name = Debug;
		};
		95F555D61EE8821700B31104 /* Release */ = {
			isa = XCBuildConfiguration;
			buildSettings = {
				ALWAYS_SEARCH_USER_PATHS = NO;
				CLANG_ANALYZER_NONNULL = YES;
				CLANG_ANALYZER_NUMBER_OBJECT_CONVERSION = YES_AGGRESSIVE;
				CLANG_CXX_LANGUAGE_STANDARD = "gnu++0x";
				CLANG_CXX_LIBRARY = "libc++";
				CLANG_ENABLE_MODULES = YES;
				CLANG_ENABLE_OBJC_ARC = YES;
				CLANG_WARN_BLOCK_CAPTURE_AUTORELEASING = YES;
				CLANG_WARN_BOOL_CONVERSION = YES;
				CLANG_WARN_COMMA = YES;
				CLANG_WARN_CONSTANT_CONVERSION = YES;
				CLANG_WARN_DIRECT_OBJC_ISA_USAGE = YES_ERROR;
				CLANG_WARN_DOCUMENTATION_COMMENTS = YES;
				CLANG_WARN_EMPTY_BODY = YES;
				CLANG_WARN_ENUM_CONVERSION = YES;
				CLANG_WARN_INFINITE_RECURSION = YES;
				CLANG_WARN_INT_CONVERSION = YES;
				CLANG_WARN_NON_LITERAL_NULL_CONVERSION = YES;
				CLANG_WARN_OBJC_LITERAL_CONVERSION = YES;
				CLANG_WARN_OBJC_ROOT_CLASS = YES_ERROR;
				CLANG_WARN_RANGE_LOOP_ANALYSIS = YES;
				CLANG_WARN_STRICT_PROTOTYPES = YES;
				CLANG_WARN_SUSPICIOUS_MOVE = YES;
				CLANG_WARN_UNREACHABLE_CODE = YES;
				CLANG_WARN__DUPLICATE_METHOD_MATCH = YES;
				"CODE_SIGN_IDENTITY[sdk=iphoneos*]" = "iPhone Developer";
				COPY_PHASE_STRIP = NO;
				DEBUG_INFORMATION_FORMAT = "dwarf-with-dsym";
				ENABLE_NS_ASSERTIONS = NO;
				ENABLE_STRICT_OBJC_MSGSEND = YES;
				GCC_C_LANGUAGE_STANDARD = gnu99;
				GCC_NO_COMMON_BLOCKS = YES;
				GCC_WARN_64_TO_32_BIT_CONVERSION = YES;
				GCC_WARN_ABOUT_RETURN_TYPE = YES_ERROR;
				GCC_WARN_UNDECLARED_SELECTOR = YES;
				GCC_WARN_UNINITIALIZED_AUTOS = YES_AGGRESSIVE;
				GCC_WARN_UNUSED_FUNCTION = YES;
				GCC_WARN_UNUSED_VARIABLE = YES;
				IPHONEOS_DEPLOYMENT_TARGET = 11.0;
				MTL_ENABLE_DEBUG_INFO = NO;
				SDKROOT = iphoneos;
				SWIFT_OPTIMIZATION_LEVEL = "-Owholemodule";
				TARGETED_DEVICE_FAMILY = "1,2";
				VALIDATE_PRODUCT = YES;
			};
			name = Release;
		};
		95F555D81EE8821700B31104 /* Debug */ = {
			isa = XCBuildConfiguration;
			buildSettings = {
				ASSETCATALOG_COMPILER_APPICON_NAME = AppIcon;
				DEVELOPMENT_TEAM = W5X27WM5D4;
				INFOPLIST_FILE = claber2/Info.plist;
				IPHONEOS_DEPLOYMENT_TARGET = 10.0;
				LD_RUNPATH_SEARCH_PATHS = "$(inherited) @executable_path/Frameworks";
				PRODUCT_BUNDLE_IDENTIFIER = ognjen.claber2;
				PRODUCT_NAME = "$(TARGET_NAME)";
				SWIFT_SWIFT3_OBJC_INFERENCE = Default;
				SWIFT_VERSION = 4.0;
			};
			name = Debug;
		};
		95F555D91EE8821700B31104 /* Release */ = {
			isa = XCBuildConfiguration;
			buildSettings = {
				ASSETCATALOG_COMPILER_APPICON_NAME = AppIcon;
				DEVELOPMENT_TEAM = W5X27WM5D4;
				INFOPLIST_FILE = claber2/Info.plist;
				IPHONEOS_DEPLOYMENT_TARGET = 10.0;
				LD_RUNPATH_SEARCH_PATHS = "$(inherited) @executable_path/Frameworks";
				PRODUCT_BUNDLE_IDENTIFIER = ognjen.claber2;
				PRODUCT_NAME = "$(TARGET_NAME)";
				SWIFT_SWIFT3_OBJC_INFERENCE = Default;
				SWIFT_VERSION = 4.0;
			};
			name = Release;
		};
		95F555DB1EE8821700B31104 /* Debug */ = {
			isa = XCBuildConfiguration;
			buildSettings = {
				ALWAYS_EMBED_SWIFT_STANDARD_LIBRARIES = YES;
				BUNDLE_LOADER = "$(TEST_HOST)";
				DEVELOPMENT_TEAM = W5X27WM5D4;
				INFOPLIST_FILE = claber2Tests/Info.plist;
				LD_RUNPATH_SEARCH_PATHS = "$(inherited) @executable_path/Frameworks @loader_path/Frameworks";
				PRODUCT_BUNDLE_IDENTIFIER = ognjen.claber2Tests;
				PRODUCT_NAME = "$(TARGET_NAME)";
				SWIFT_SWIFT3_OBJC_INFERENCE = Default;
				SWIFT_VERSION = 4.0;
				TEST_HOST = "$(BUILT_PRODUCTS_DIR)/Claber.app/Claber";
			};
			name = Debug;
		};
		95F555DC1EE8821700B31104 /* Release */ = {
			isa = XCBuildConfiguration;
			buildSettings = {
				ALWAYS_EMBED_SWIFT_STANDARD_LIBRARIES = YES;
				BUNDLE_LOADER = "$(TEST_HOST)";
				DEVELOPMENT_TEAM = W5X27WM5D4;
				INFOPLIST_FILE = claber2Tests/Info.plist;
				LD_RUNPATH_SEARCH_PATHS = "$(inherited) @executable_path/Frameworks @loader_path/Frameworks";
				PRODUCT_BUNDLE_IDENTIFIER = ognjen.claber2Tests;
				PRODUCT_NAME = "$(TARGET_NAME)";
				SWIFT_SWIFT3_OBJC_INFERENCE = Default;
				SWIFT_VERSION = 4.0;
				TEST_HOST = "$(BUILT_PRODUCTS_DIR)/Claber.app/Claber";
			};
			name = Release;
		};
		95F555DE1EE8821700B31104 /* Debug */ = {
			isa = XCBuildConfiguration;
			buildSettings = {
				ALWAYS_EMBED_SWIFT_STANDARD_LIBRARIES = YES;
				DEVELOPMENT_TEAM = W5X27WM5D4;
				INFOPLIST_FILE = claber2UITests/Info.plist;
				LD_RUNPATH_SEARCH_PATHS = "$(inherited) @executable_path/Frameworks @loader_path/Frameworks";
				PRODUCT_BUNDLE_IDENTIFIER = ognjen.claber2UITests;
				PRODUCT_NAME = "$(TARGET_NAME)";
				SWIFT_SWIFT3_OBJC_INFERENCE = Off;
				SWIFT_VERSION = 4.0;
				TEST_TARGET_NAME = claber2;
			};
			name = Debug;
		};
		95F555DF1EE8821700B31104 /* Release */ = {
			isa = XCBuildConfiguration;
			buildSettings = {
				ALWAYS_EMBED_SWIFT_STANDARD_LIBRARIES = YES;
				DEVELOPMENT_TEAM = W5X27WM5D4;
				INFOPLIST_FILE = claber2UITests/Info.plist;
				LD_RUNPATH_SEARCH_PATHS = "$(inherited) @executable_path/Frameworks @loader_path/Frameworks";
				PRODUCT_BUNDLE_IDENTIFIER = ognjen.claber2UITests;
				PRODUCT_NAME = "$(TARGET_NAME)";
				SWIFT_SWIFT3_OBJC_INFERENCE = Off;
				SWIFT_VERSION = 4.0;
				TEST_TARGET_NAME = claber2;
			};
			name = Release;
		};
/* End XCBuildConfiguration section */

/* Begin XCConfigurationList section */
		95F555A71EE8821700B31104 /* Build configuration list for PBXProject "Klaber" */ = {
			isa = XCConfigurationList;
			buildConfigurations = (
				95F555D51EE8821700B31104 /* Debug */,
				95F555D61EE8821700B31104 /* Release */,
			);
			defaultConfigurationIsVisible = 0;
			defaultConfigurationName = Release;
		};
		95F555D71EE8821700B31104 /* Build configuration list for PBXNativeTarget "claber" */ = {
			isa = XCConfigurationList;
			buildConfigurations = (
				95F555D81EE8821700B31104 /* Debug */,
				95F555D91EE8821700B31104 /* Release */,
			);
			defaultConfigurationIsVisible = 0;
			defaultConfigurationName = Release;
		};
		95F555DA1EE8821700B31104 /* Build configuration list for PBXNativeTarget "claberTests" */ = {
			isa = XCConfigurationList;
			buildConfigurations = (
				95F555DB1EE8821700B31104 /* Debug */,
				95F555DC1EE8821700B31104 /* Release */,
			);
			defaultConfigurationIsVisible = 0;
			defaultConfigurationName = Release;
		};
		95F555DD1EE8821700B31104 /* Build configuration list for PBXNativeTarget "claberUITests" */ = {
			isa = XCConfigurationList;
			buildConfigurations = (
				95F555DE1EE8821700B31104 /* Debug */,
				95F555DF1EE8821700B31104 /* Release */,
			);
			defaultConfigurationIsVisible = 0;
			defaultConfigurationName = Release;
		};
/* End XCConfigurationList section */

/* Begin XCVersionGroup section */
		95F555B61EE8821700B31104 /* claber2.xcdatamodeld */ = {
			isa = XCVersionGroup;
			children = (
				95F555B71EE8821700B31104 /* claber2.xcdatamodel */,
			);
			currentVersion = 95F555B71EE8821700B31104 /* claber2.xcdatamodel */;
			path = claber2.xcdatamodeld;
			sourceTree = "<group>";
			versionGroupType = wrapper.xcdatamodel;
		};
/* End XCVersionGroup section */
	};
	rootObject = 95F555A41EE8821700B31104 /* Project object */;
}
